
Microsoft Visual Studio Solution File, Format Version 12.00
# Visual Studio Version 17
VisualStudioVersion = 17.11.35312.102
MinimumVisualStudioVersion = 10.0.40219.1
Project("{9A19103F-16F7-4668-BE54-9A1E7A4F7556}") = "Traffic", "Traffic.csproj", "{575E61A3-D374-4CB0-BEDA-CF0709FA8519}"
EndProject
Project("{9A19103F-16F7-4668-BE54-9A1E7A4F7556}") = "TrafficSim", "..\TrafficSim\TrafficSim.csproj", "{00AFB21E-1E70-40DD-AE22-3946275B58A5}"
EndProject
Project("{9A19103F-16F7-4668-BE54-9A1E7A4F7556}") = "TrafficTest", "..\TrafficTest\TrafficTest.csproj", "{CFF5E9A3-AA95-4A70-85F7-A8D11A1558F0}"
EndProject
Global
	GlobalSection(SolutionConfigurationPlatforms) = preSolution
		Debug|Any CPU = Debug|Any CPU
		Release|Any CPU = Release|Any CPU
	EndGlobalSection
	GlobalSection(ProjectConfigurationPlatforms) = postSolution
		{575E61A3-D374-4CB0-BEDA-CF0709FA8519}.Debug|Any CPU.ActiveCfg = Debug|Any CPU
		{575E61A3-D374-4CB0-BEDA-CF0709FA8519}.Debug|Any CPU.Build.0 = Debug|Any CPU
		{575E61A3-D374-4CB0-BEDA-CF0709FA8519}.Release|Any CPU.ActiveCfg = Release|Any CPU
		{575E61A3-D374-4CB0-BEDA-CF0709FA8519}.Release|Any CPU.Build.0 = Release|Any CPU
		{00AFB21E-1E70-40DD-AE22-3946275B58A5}.Debug|Any CPU.ActiveCfg = Debug|Any CPU
		{00AFB21E-1E70-40DD-AE22-3946275B58A5}.Debug|Any CPU.Build.0 = Debug|Any CPU
		{00AFB21E-1E70-40DD-AE22-3946275B58A5}.Release|Any CPU.ActiveCfg = Release|Any CPU
		{00AFB21E-1E70-40DD-AE22-3946275B58A5}.Release|Any CPU.Build.0 = Release|Any CPU
		{CFF5E9A3-AA95-4A70-85F7-A8D11A1558F0}.Debug|Any CPU.ActiveCfg = Debug|Any CPU
		{CFF5E9A3-AA95-4A70-85F7-A8D11A1558F0}.Debug|Any CPU.Build.0 = Debug|Any CPU
		{CFF5E9A3-AA95-4A70-85F7-A8D11A1558F0}.Release|Any CPU.ActiveCfg = Release|Any CPU
		{CFF5E9A3-AA95-4A70-85F7-A8D11A1558F0}.Release|Any CPU.Build.0 = Release|Any CPU
	EndGlobalSection
	GlobalSection(SolutionProperties) = preSolution
		HideSolutionNode = FALSE
	EndGlobalSection
	GlobalSection(ExtensibilityGlobals) = postSolution
		SolutionGuid = {C0E22921-6D9E-4223-856A-A87351EB4059}
	EndGlobalSection
EndGlobal
